
Microsoft Visual Studio Solution File, Format Version 12.00
# Visual Studio Version 17
VisualStudioVersion = 17.0.31903.59
MinimumVisualStudioVersion = 10.0.40219.1
Project("{FAE04EC0-301F-11D3-BF4B-00C04F79EFBC}") = "Masked.Library", "Masked-Library\Masked.Library.csproj", "{788B4895-55E1-4338-BF15-54DAA78AE125}"
EndProject
Project("{FAE04EC0-301F-11D3-BF4B-00C04F79EFBC}") = "Mindustry_Manager", "Mindustry_bot\Mindustry_Manager.csproj", "{64464318-CB67-48CC-A692-2181598A61FF}"
EndProject
Global
	GlobalSection(SolutionConfigurationPlatforms) = preSolution
		Debug|Any CPU = Debug|Any CPU
		Release|Any CPU = Release|Any CPU
	EndGlobalSection
	GlobalSection(SolutionProperties) = preSolution
		HideSolutionNode = FALSE
	EndGlobalSection
	GlobalSection(ProjectConfigurationPlatforms) = postSolution
		{788B4895-55E1-4338-BF15-54DAA78AE125}.Debug|Any CPU.ActiveCfg = Debug|Any CPU
		{788B4895-55E1-4338-BF15-54DAA78AE125}.Debug|Any CPU.Build.0 = Debug|Any CPU
		{788B4895-55E1-4338-BF15-54DAA78AE125}.Release|Any CPU.ActiveCfg = Release|Any CPU
		{788B4895-55E1-4338-BF15-54DAA78AE125}.Release|Any CPU.Build.0 = Release|Any CPU
		{64464318-CB67-48CC-A692-2181598A61FF}.Debug|Any CPU.ActiveCfg = Debug|Any CPU
		{64464318-CB67-48CC-A692-2181598A61FF}.Debug|Any CPU.Build.0 = Debug|Any CPU
		{64464318-CB67-48CC-A692-2181598A61FF}.Release|Any CPU.ActiveCfg = Release|Any CPU
		{64464318-CB67-48CC-A692-2181598A61FF}.Release|Any CPU.Build.0 = Release|Any CPU
	EndGlobalSection
EndGlobal
